// !$*UTF8*$!
{
	archiveVersion = 1;
	classes = {
	};
	objectVersion = 56;
	objects = {

/* Begin PBXBuildFile section */
		660122102B0D09E5002CE385 /* MPKTrackerApp.swift in Sources */ = {isa = PBXBuildFile; fileRef = 6601220F2B0D09E5002CE385 /* MPKTrackerApp.swift */; };
		660122122B0D09E5002CE385 /* ContentView.swift in Sources */ = {isa = PBXBuildFile; fileRef = 660122112B0D09E5002CE385 /* ContentView.swift */; };
		660122142B0D09E6002CE385 /* Assets.xcassets in Resources */ = {isa = PBXBuildFile; fileRef = 660122132B0D09E6002CE385 /* Assets.xcassets */; };
		660122172B0D09E6002CE385 /* Preview Assets.xcassets in Resources */ = {isa = PBXBuildFile; fileRef = 660122162B0D09E6002CE385 /* Preview Assets.xcassets */; };
		6601221F2B0D0AE1002CE385 /* LiveMap.swift in Sources */ = {isa = PBXBuildFile; fileRef = 6601221E2B0D0AE1002CE385 /* LiveMap.swift */; };
		660122212B0D0BE6002CE385 /* VehiclesView.swift in Sources */ = {isa = PBXBuildFile; fileRef = 660122202B0D0BE6002CE385 /* VehiclesView.swift */; };
		660122232B0D0C9D002CE385 /* MPKConnector.swift in Sources */ = {isa = PBXBuildFile; fileRef = 660122222B0D0C9D002CE385 /* MPKConnector.swift */; };
		66039EC42B0FBCBF00ED57E3 /* Vehicle.swift in Sources */ = {isa = PBXBuildFile; fileRef = 66039EC32B0FBCBF00ED57E3 /* Vehicle.swift */; };
		66039EC62B0FBD9000ED57E3 /* Bus.swift in Sources */ = {isa = PBXBuildFile; fileRef = 66039EC52B0FBD9000ED57E3 /* Bus.swift */; };
		66039EC82B0FC13D00ED57E3 /* Tram.swift in Sources */ = {isa = PBXBuildFile; fileRef = 66039EC72B0FC13D00ED57E3 /* Tram.swift */; };
		668247C12B113B8F0068FD06 /* MPKTrackerTests.swift in Sources */ = {isa = PBXBuildFile; fileRef = 668247C02B113B8F0068FD06 /* MPKTrackerTests.swift */; };
/* End PBXBuildFile section */

/* Begin PBXContainerItemProxy section */
		668247C22B113B8F0068FD06 /* PBXContainerItemProxy */ = {
			isa = PBXContainerItemProxy;
			containerPortal = 660122042B0D09E5002CE385 /* Project object */;
			proxyType = 1;
			remoteGlobalIDString = 6601220B2B0D09E5002CE385;
			remoteInfo = MPKTracker;
		};
/* End PBXContainerItemProxy section */

/* Begin PBXFileReference section */
		6601220C2B0D09E5002CE385 /* MPKTracker.app */ = {isa = PBXFileReference; explicitFileType = wrapper.application; includeInIndex = 0; path = MPKTracker.app; sourceTree = BUILT_PRODUCTS_DIR; };
		6601220F2B0D09E5002CE385 /* MPKTrackerApp.swift */ = {isa = PBXFileReference; lastKnownFileType = sourcecode.swift; path = MPKTrackerApp.swift; sourceTree = "<group>"; };
		660122112B0D09E5002CE385 /* ContentView.swift */ = {isa = PBXFileReference; lastKnownFileType = sourcecode.swift; path = ContentView.swift; sourceTree = "<group>"; };
		660122132B0D09E6002CE385 /* Assets.xcassets */ = {isa = PBXFileReference; lastKnownFileType = folder.assetcatalog; path = Assets.xcassets; sourceTree = "<group>"; };
		660122162B0D09E6002CE385 /* Preview Assets.xcassets */ = {isa = PBXFileReference; lastKnownFileType = folder.assetcatalog; path = "Preview Assets.xcassets"; sourceTree = "<group>"; };
		6601221E2B0D0AE1002CE385 /* LiveMap.swift */ = {isa = PBXFileReference; lastKnownFileType = sourcecode.swift; path = LiveMap.swift; sourceTree = "<group>"; };
		660122202B0D0BE6002CE385 /* VehiclesView.swift */ = {isa = PBXFileReference; lastKnownFileType = sourcecode.swift; path = VehiclesView.swift; sourceTree = "<group>"; };
		660122222B0D0C9D002CE385 /* MPKConnector.swift */ = {isa = PBXFileReference; lastKnownFileType = sourcecode.swift; path = MPKConnector.swift; sourceTree = "<group>"; };
		66039EC32B0FBCBF00ED57E3 /* Vehicle.swift */ = {isa = PBXFileReference; lastKnownFileType = sourcecode.swift; path = Vehicle.swift; sourceTree = "<group>"; };
		66039EC52B0FBD9000ED57E3 /* Bus.swift */ = {isa = PBXFileReference; lastKnownFileType = sourcecode.swift; path = Bus.swift; sourceTree = "<group>"; };
		66039EC72B0FC13D00ED57E3 /* Tram.swift */ = {isa = PBXFileReference; lastKnownFileType = sourcecode.swift; path = Tram.swift; sourceTree = "<group>"; };
		668247BE2B113B8F0068FD06 /* MPKTrackerTests.xctest */ = {isa = PBXFileReference; explicitFileType = wrapper.cfbundle; includeInIndex = 0; path = MPKTrackerTests.xctest; sourceTree = BUILT_PRODUCTS_DIR; };
		668247C02B113B8F0068FD06 /* MPKTrackerTests.swift */ = {isa = PBXFileReference; lastKnownFileType = sourcecode.swift; path = MPKTrackerTests.swift; sourceTree = "<group>"; };
/* End PBXFileReference section */

/* Begin PBXFrameworksBuildPhase section */
		660122092B0D09E5002CE385 /* Frameworks */ = {
			isa = PBXFrameworksBuildPhase;
			buildActionMask = 2147483647;
			files = (
			);
			runOnlyForDeploymentPostprocessing = 0;
		};
		668247BB2B113B8F0068FD06 /* Frameworks */ = {
			isa = PBXFrameworksBuildPhase;
			buildActionMask = 2147483647;
			files = (
			);
			runOnlyForDeploymentPostprocessing = 0;
		};
/* End PBXFrameworksBuildPhase section */

/* Begin PBXGroup section */
		660122032B0D09E5002CE385 = {
			isa = PBXGroup;
			children = (
				6601220E2B0D09E5002CE385 /* MPKTracker */,
				668247BF2B113B8F0068FD06 /* MPKTrackerTests */,
				6601220D2B0D09E5002CE385 /* Products */,
			);
			sourceTree = "<group>";
		};
		6601220D2B0D09E5002CE385 /* Products */ = {
			isa = PBXGroup;
			children = (
				6601220C2B0D09E5002CE385 /* MPKTracker.app */,
				668247BE2B113B8F0068FD06 /* MPKTrackerTests.xctest */,
			);
			name = Products;
			sourceTree = "<group>";
		};
		6601220E2B0D09E5002CE385 /* MPKTracker */ = {
			isa = PBXGroup;
			children = (
				6601220F2B0D09E5002CE385 /* MPKTrackerApp.swift */,
				660122242B0D0CA6002CE385 /* Model */,
				6601221D2B0D0AB3002CE385 /* View */,
				660122132B0D09E6002CE385 /* Assets.xcassets */,
				660122152B0D09E6002CE385 /* Preview Content */,
			);
			path = MPKTracker;
			sourceTree = "<group>";
		};
		660122152B0D09E6002CE385 /* Preview Content */ = {
			isa = PBXGroup;
			children = (
				660122162B0D09E6002CE385 /* Preview Assets.xcassets */,
			);
			path = "Preview Content";
			sourceTree = "<group>";
		};
		6601221D2B0D0AB3002CE385 /* View */ = {
			isa = PBXGroup;
			children = (
				660122112B0D09E5002CE385 /* ContentView.swift */,
				6601221E2B0D0AE1002CE385 /* LiveMap.swift */,
				660122202B0D0BE6002CE385 /* VehiclesView.swift */,
			);
			path = View;
			sourceTree = "<group>";
		};
		660122242B0D0CA6002CE385 /* Model */ = {
			isa = PBXGroup;
			children = (
				660122222B0D0C9D002CE385 /* MPKConnector.swift */,
				66039EC32B0FBCBF00ED57E3 /* Vehicle.swift */,
				66039EC52B0FBD9000ED57E3 /* Bus.swift */,
				66039EC72B0FC13D00ED57E3 /* Tram.swift */,
			);
			path = Model;
			sourceTree = "<group>";
		};
		668247BF2B113B8F0068FD06 /* MPKTrackerTests */ = {
			isa = PBXGroup;
			children = (
				668247C02B113B8F0068FD06 /* MPKTrackerTests.swift */,
			);
			path = MPKTrackerTests;
			sourceTree = "<group>";
		};
/* End PBXGroup section */

/* Begin PBXNativeTarget section */
		6601220B2B0D09E5002CE385 /* MPKTracker */ = {
			isa = PBXNativeTarget;
			buildConfigurationList = 6601221A2B0D09E6002CE385 /* Build configuration list for PBXNativeTarget "MPKTracker" */;
			buildPhases = (
				660122082B0D09E5002CE385 /* Sources */,
				660122092B0D09E5002CE385 /* Frameworks */,
				6601220A2B0D09E5002CE385 /* Resources */,
			);
			buildRules = (
			);
			dependencies = (
			);
			name = MPKTracker;
			productName = MPKTracker;
			productReference = 6601220C2B0D09E5002CE385 /* MPKTracker.app */;
			productType = "com.apple.product-type.application";
		};
		668247BD2B113B8F0068FD06 /* MPKTrackerTests */ = {
			isa = PBXNativeTarget;
			buildConfigurationList = 668247C62B113B8F0068FD06 /* Build configuration list for PBXNativeTarget "MPKTrackerTests" */;
			buildPhases = (
				668247BA2B113B8F0068FD06 /* Sources */,
				668247BB2B113B8F0068FD06 /* Frameworks */,
				668247BC2B113B8F0068FD06 /* Resources */,
			);
			buildRules = (
			);
			dependencies = (
				668247C32B113B8F0068FD06 /* PBXTargetDependency */,
			);
			name = MPKTrackerTests;
			productName = MPKTrackerTests;
			productReference = 668247BE2B113B8F0068FD06 /* MPKTrackerTests.xctest */;
			productType = "com.apple.product-type.bundle.unit-test";
		};
/* End PBXNativeTarget section */

/* Begin PBXProject section */
		660122042B0D09E5002CE385 /* Project object */ = {
			isa = PBXProject;
			attributes = {
				BuildIndependentTargetsInParallel = 1;
				LastSwiftUpdateCheck = 1500;
				LastUpgradeCheck = 1500;
				TargetAttributes = {
					6601220B2B0D09E5002CE385 = {
						CreatedOnToolsVersion = 15.0.1;
					};
					668247BD2B113B8F0068FD06 = {
						CreatedOnToolsVersion = 15.0.1;
						TestTargetID = 6601220B2B0D09E5002CE385;
					};
				};
			};
			buildConfigurationList = 660122072B0D09E5002CE385 /* Build configuration list for PBXProject "MPKTracker" */;
			compatibilityVersion = "Xcode 14.0";
			developmentRegion = en;
			hasScannedForEncodings = 0;
			knownRegions = (
				en,
				Base,
			);
			mainGroup = 660122032B0D09E5002CE385;
			productRefGroup = 6601220D2B0D09E5002CE385 /* Products */;
			projectDirPath = "";
			projectRoot = "";
			targets = (
				6601220B2B0D09E5002CE385 /* MPKTracker */,
				668247BD2B113B8F0068FD06 /* MPKTrackerTests */,
			);
		};
/* End PBXProject section */

/* Begin PBXResourcesBuildPhase section */
		6601220A2B0D09E5002CE385 /* Resources */ = {
			isa = PBXResourcesBuildPhase;
			buildActionMask = 2147483647;
			files = (
				660122172B0D09E6002CE385 /* Preview Assets.xcassets in Resources */,
				660122142B0D09E6002CE385 /* Assets.xcassets in Resources */,
			);
			runOnlyForDeploymentPostprocessing = 0;
		};
		668247BC2B113B8F0068FD06 /* Resources */ = {
			isa = PBXResourcesBuildPhase;
			buildActionMask = 2147483647;
			files = (
			);
			runOnlyForDeploymentPostprocessing = 0;
		};
/* End PBXResourcesBuildPhase section */

/* Begin PBXSourcesBuildPhase section */
		660122082B0D09E5002CE385 /* Sources */ = {
			isa = PBXSourcesBuildPhase;
			buildActionMask = 2147483647;
			files = (
				66039EC62B0FBD9000ED57E3 /* Bus.swift in Sources */,
				66039EC82B0FC13D00ED57E3 /* Tram.swift in Sources */,
				66039EC42B0FBCBF00ED57E3 /* Vehicle.swift in Sources */,
				660122122B0D09E5002CE385 /* ContentView.swift in Sources */,
				660122102B0D09E5002CE385 /* MPKTrackerApp.swift in Sources */,
				660122232B0D0C9D002CE385 /* MPKConnector.swift in Sources */,
				660122212B0D0BE6002CE385 /* VehiclesView.swift in Sources */,
				6601221F2B0D0AE1002CE385 /* LiveMap.swift in Sources */,
			);
			runOnlyForDeploymentPostprocessing = 0;
		};
		668247BA2B113B8F0068FD06 /* Sources */ = {
			isa = PBXSourcesBuildPhase;
			buildActionMask = 2147483647;
			files = (
				668247C12B113B8F0068FD06 /* MPKTrackerTests.swift in Sources */,
			);
			runOnlyForDeploymentPostprocessing = 0;
		};
/* End PBXSourcesBuildPhase section */

/* Begin PBXTargetDependency section */
		668247C32B113B8F0068FD06 /* PBXTargetDependency */ = {
			isa = PBXTargetDependency;
			target = 6601220B2B0D09E5002CE385 /* MPKTracker */;
			targetProxy = 668247C22B113B8F0068FD06 /* PBXContainerItemProxy */;
		};
/* End PBXTargetDependency section */

/* Begin XCBuildConfiguration section */
		660122182B0D09E6002CE385 /* Debug */ = {
			isa = XCBuildConfiguration;
			buildSettings = {
				ALWAYS_SEARCH_USER_PATHS = NO;
				ASSETCATALOG_COMPILER_GENERATE_SWIFT_ASSET_SYMBOL_EXTENSIONS = YES;
				CLANG_ANALYZER_NONNULL = YES;
				CLANG_ANALYZER_NUMBER_OBJECT_CONVERSION = YES_AGGRESSIVE;
				CLANG_CXX_LANGUAGE_STANDARD = "gnu++20";
				CLANG_ENABLE_MODULES = YES;
				CLANG_ENABLE_OBJC_ARC = YES;
				CLANG_ENABLE_OBJC_WEAK = YES;
				CLANG_WARN_BLOCK_CAPTURE_AUTORELEASING = YES;
				CLANG_WARN_BOOL_CONVERSION = YES;
				CLANG_WARN_COMMA = YES;
				CLANG_WARN_CONSTANT_CONVERSION = YES;
				CLANG_WARN_DEPRECATED_OBJC_IMPLEMENTATIONS = YES;
				CLANG_WARN_DIRECT_OBJC_ISA_USAGE = YES_ERROR;
				CLANG_WARN_DOCUMENTATION_COMMENTS = YES;
				CLANG_WARN_EMPTY_BODY = YES;
				CLANG_WARN_ENUM_CONVERSION = YES;
				CLANG_WARN_INFINITE_RECURSION = YES;
				CLANG_WARN_INT_CONVERSION = YES;
				CLANG_WARN_NON_LITERAL_NULL_CONVERSION = YES;
				CLANG_WARN_OBJC_IMPLICIT_RETAIN_SELF = YES;
				CLANG_WARN_OBJC_LITERAL_CONVERSION = YES;
				CLANG_WARN_OBJC_ROOT_CLASS = YES_ERROR;
				CLANG_WARN_QUOTED_INCLUDE_IN_FRAMEWORK_HEADER = YES;
				CLANG_WARN_RANGE_LOOP_ANALYSIS = YES;
				CLANG_WARN_STRICT_PROTOTYPES = YES;
				CLANG_WARN_SUSPICIOUS_MOVE = YES;
				CLANG_WARN_UNGUARDED_AVAILABILITY = YES_AGGRESSIVE;
				CLANG_WARN_UNREACHABLE_CODE = YES;
				CLANG_WARN__DUPLICATE_METHOD_MATCH = YES;
				COPY_PHASE_STRIP = NO;
				DEBUG_INFORMATION_FORMAT = dwarf;
				ENABLE_STRICT_OBJC_MSGSEND = YES;
				ENABLE_TESTABILITY = YES;
				ENABLE_USER_SCRIPT_SANDBOXING = YES;
				GCC_C_LANGUAGE_STANDARD = gnu17;
				GCC_DYNAMIC_NO_PIC = NO;
				GCC_NO_COMMON_BLOCKS = YES;
				GCC_OPTIMIZATION_LEVEL = 0;
				GCC_PREPROCESSOR_DEFINITIONS = (
					"DEBUG=1",
					"$(inherited)",
				);
				GCC_WARN_64_TO_32_BIT_CONVERSION = YES;
				GCC_WARN_ABOUT_RETURN_TYPE = YES_ERROR;
				GCC_WARN_UNDECLARED_SELECTOR = YES;
				GCC_WARN_UNINITIALIZED_AUTOS = YES_AGGRESSIVE;
				GCC_WARN_UNUSED_FUNCTION = YES;
				GCC_WARN_UNUSED_VARIABLE = YES;
				IPHONEOS_DEPLOYMENT_TARGET = 17.0;
				LOCALIZATION_PREFERS_STRING_CATALOGS = YES;
				MTL_ENABLE_DEBUG_INFO = INCLUDE_SOURCE;
				MTL_FAST_MATH = YES;
				ONLY_ACTIVE_ARCH = YES;
				SDKROOT = iphoneos;
				SWIFT_ACTIVE_COMPILATION_CONDITIONS = "DEBUG $(inherited)";
				SWIFT_OPTIMIZATION_LEVEL = "-Onone";
			};
			name = Debug;
		};
		660122192B0D09E6002CE385 /* Release */ = {
			isa = XCBuildConfiguration;
			buildSettings = {
				ALWAYS_SEARCH_USER_PATHS = NO;
				ASSETCATALOG_COMPILER_GENERATE_SWIFT_ASSET_SYMBOL_EXTENSIONS = YES;
				CLANG_ANALYZER_NONNULL = YES;
				CLANG_ANALYZER_NUMBER_OBJECT_CONVERSION = YES_AGGRESSIVE;
				CLANG_CXX_LANGUAGE_STANDARD = "gnu++20";
				CLANG_ENABLE_MODULES = YES;
				CLANG_ENABLE_OBJC_ARC = YES;
				CLANG_ENABLE_OBJC_WEAK = YES;
				CLANG_WARN_BLOCK_CAPTURE_AUTORELEASING = YES;
				CLANG_WARN_BOOL_CONVERSION = YES;
				CLANG_WARN_COMMA = YES;
				CLANG_WARN_CONSTANT_CONVERSION = YES;
				CLANG_WARN_DEPRECATED_OBJC_IMPLEMENTATIONS = YES;
				CLANG_WARN_DIRECT_OBJC_ISA_USAGE = YES_ERROR;
				CLANG_WARN_DOCUMENTATION_COMMENTS = YES;
				CLANG_WARN_EMPTY_BODY = YES;
				CLANG_WARN_ENUM_CONVERSION = YES;
				CLANG_WARN_INFINITE_RECURSION = YES;
				CLANG_WARN_INT_CONVERSION = YES;
				CLANG_WARN_NON_LITERAL_NULL_CONVERSION = YES;
				CLANG_WARN_OBJC_IMPLICIT_RETAIN_SELF = YES;
				CLANG_WARN_OBJC_LITERAL_CONVERSION = YES;
				CLANG_WARN_OBJC_ROOT_CLASS = YES_ERROR;
				CLANG_WARN_QUOTED_INCLUDE_IN_FRAMEWORK_HEADER = YES;
				CLANG_WARN_RANGE_LOOP_ANALYSIS = YES;
				CLANG_WARN_STRICT_PROTOTYPES = YES;
				CLANG_WARN_SUSPICIOUS_MOVE = YES;
				CLANG_WARN_UNGUARDED_AVAILABILITY = YES_AGGRESSIVE;
				CLANG_WARN_UNREACHABLE_CODE = YES;
				CLANG_WARN__DUPLICATE_METHOD_MATCH = YES;
				COPY_PHASE_STRIP = NO;
				DEBUG_INFORMATION_FORMAT = "dwarf-with-dsym";
				ENABLE_NS_ASSERTIONS = NO;
				ENABLE_STRICT_OBJC_MSGSEND = YES;
				ENABLE_USER_SCRIPT_SANDBOXING = YES;
				GCC_C_LANGUAGE_STANDARD = gnu17;
				GCC_NO_COMMON_BLOCKS = YES;
				GCC_WARN_64_TO_32_BIT_CONVERSION = YES;
				GCC_WARN_ABOUT_RETURN_TYPE = YES_ERROR;
				GCC_WARN_UNDECLARED_SELECTOR = YES;
				GCC_WARN_UNINITIALIZED_AUTOS = YES_AGGRESSIVE;
				GCC_WARN_UNUSED_FUNCTION = YES;
				GCC_WARN_UNUSED_VARIABLE = YES;
				IPHONEOS_DEPLOYMENT_TARGET = 17.0;
				LOCALIZATION_PREFERS_STRING_CATALOGS = YES;
				MTL_ENABLE_DEBUG_INFO = NO;
				MTL_FAST_MATH = YES;
				SDKROOT = iphoneos;
				SWIFT_COMPILATION_MODE = wholemodule;
				VALIDATE_PRODUCT = YES;
			};
			name = Release;
		};
		6601221B2B0D09E6002CE385 /* Debug */ = {
			isa = XCBuildConfiguration;
			buildSettings = {
				ASSETCATALOG_COMPILER_APPICON_NAME = AppIcon;
				ASSETCATALOG_COMPILER_GLOBAL_ACCENT_COLOR_NAME = AccentColor;
				CODE_SIGN_STYLE = Automatic;
				CURRENT_PROJECT_VERSION = 1;
				DEVELOPMENT_ASSET_PATHS = "\"MPKTracker/Preview Content\"";
				DEVELOPMENT_TEAM = 474G49AKB2;
				ENABLE_PREVIEWS = YES;
				GENERATE_INFOPLIST_FILE = YES;
				INFOPLIST_KEY_UIApplicationSceneManifest_Generation = YES;
				INFOPLIST_KEY_UIApplicationSupportsIndirectInputEvents = YES;
				INFOPLIST_KEY_UILaunchScreen_Generation = YES;
				INFOPLIST_KEY_UISupportedInterfaceOrientations_iPad = "UIInterfaceOrientationPortrait UIInterfaceOrientationPortraitUpsideDown UIInterfaceOrientationLandscapeLeft UIInterfaceOrientationLandscapeRight";
				INFOPLIST_KEY_UISupportedInterfaceOrientations_iPhone = "UIInterfaceOrientationPortrait UIInterfaceOrientationLandscapeLeft UIInterfaceOrientationLandscapeRight";
				LD_RUNPATH_SEARCH_PATHS = (
					"$(inherited)",
					"@executable_path/Frameworks",
				);
				MARKETING_VERSION = 1.0;
				PRODUCT_BUNDLE_IDENTIFIER = com.admi126n.MPKTracker;
				PRODUCT_NAME = "$(TARGET_NAME)";
				SWIFT_EMIT_LOC_STRINGS = YES;
				SWIFT_VERSION = 5.0;
				TARGETED_DEVICE_FAMILY = "1,2";
			};
			name = Debug;
		};
		6601221C2B0D09E6002CE385 /* Release */ = {
			isa = XCBuildConfiguration;
			buildSettings = {
				ASSETCATALOG_COMPILER_APPICON_NAME = AppIcon;
				ASSETCATALOG_COMPILER_GLOBAL_ACCENT_COLOR_NAME = AccentColor;
				CODE_SIGN_STYLE = Automatic;
				CURRENT_PROJECT_VERSION = 1;
				DEVELOPMENT_ASSET_PATHS = "\"MPKTracker/Preview Content\"";
				DEVELOPMENT_TEAM = 474G49AKB2;
				ENABLE_PREVIEWS = YES;
				GENERATE_INFOPLIST_FILE = YES;
				INFOPLIST_KEY_UIApplicationSceneManifest_Generation = YES;
				INFOPLIST_KEY_UIApplicationSupportsIndirectInputEvents = YES;
				INFOPLIST_KEY_UILaunchScreen_Generation = YES;
				INFOPLIST_KEY_UISupportedInterfaceOrientations_iPad = "UIInterfaceOrientationPortrait UIInterfaceOrientationPortraitUpsideDown UIInterfaceOrientationLandscapeLeft UIInterfaceOrientationLandscapeRight";
				INFOPLIST_KEY_UISupportedInterfaceOrientations_iPhone = "UIInterfaceOrientationPortrait UIInterfaceOrientationLandscapeLeft UIInterfaceOrientationLandscapeRight";
				LD_RUNPATH_SEARCH_PATHS = (
					"$(inherited)",
					"@executable_path/Frameworks",
				);
				MARKETING_VERSION = 1.0;
				PRODUCT_BUNDLE_IDENTIFIER = com.admi126n.MPKTracker;
				PRODUCT_NAME = "$(TARGET_NAME)";
				SWIFT_EMIT_LOC_STRINGS = YES;
				SWIFT_VERSION = 5.0;
				TARGETED_DEVICE_FAMILY = "1,2";
			};
			name = Release;
		};
		668247C42B113B8F0068FD06 /* Debug */ = {
			isa = XCBuildConfiguration;
			buildSettings = {
				BUNDLE_LOADER = "$(TEST_HOST)";
				CODE_SIGN_STYLE = Automatic;
				CURRENT_PROJECT_VERSION = 1;
				DEVELOPMENT_TEAM = 474G49AKB2;
				GENERATE_INFOPLIST_FILE = YES;
				MARKETING_VERSION = 1.0;
				PRODUCT_BUNDLE_IDENTIFIER = com.admi126n.MPKTrackerTests;
				PRODUCT_NAME = "$(TARGET_NAME)";
				SWIFT_EMIT_LOC_STRINGS = NO;
				SWIFT_VERSION = 5.0;
				TARGETED_DEVICE_FAMILY = "1,2";
				TEST_HOST = "$(BUILT_PRODUCTS_DIR)/MPKTracker.app/$(BUNDLE_EXECUTABLE_FOLDER_PATH)/MPKTracker";
			};
			name = Debug;
		};
		668247C52B113B8F0068FD06 /* Release */ = {
			isa = XCBuildConfiguration;
			buildSettings = {
				BUNDLE_LOADER = "$(TEST_HOST)";
				CODE_SIGN_STYLE = Automatic;
				CURRENT_PROJECT_VERSION = 1;
				DEVELOPMENT_TEAM = 474G49AKB2;
				GENERATE_INFOPLIST_FILE = YES;
				MARKETING_VERSION = 1.0;
				PRODUCT_BUNDLE_IDENTIFIER = com.admi126n.MPKTrackerTests;
				PRODUCT_NAME = "$(TARGET_NAME)";
				SWIFT_EMIT_LOC_STRINGS = NO;
				SWIFT_VERSION = 5.0;
				TARGETED_DEVICE_FAMILY = "1,2";
				TEST_HOST = "$(BUILT_PRODUCTS_DIR)/MPKTracker.app/$(BUNDLE_EXECUTABLE_FOLDER_PATH)/MPKTracker";
			};
			name = Release;
		};
/* End XCBuildConfiguration section */

/* Begin XCConfigurationList section */
		660122072B0D09E5002CE385 /* Build configuration list for PBXProject "MPKTracker" */ = {
			isa = XCConfigurationList;
			buildConfigurations = (
				660122182B0D09E6002CE385 /* Debug */,
				660122192B0D09E6002CE385 /* Release */,
			);
			defaultConfigurationIsVisible = 0;
			defaultConfigurationName = Release;
		};
		6601221A2B0D09E6002CE385 /* Build configuration list for PBXNativeTarget "MPKTracker" */ = {
			isa = XCConfigurationList;
			buildConfigurations = (
				6601221B2B0D09E6002CE385 /* Debug */,
				6601221C2B0D09E6002CE385 /* Release */,
			);
			defaultConfigurationIsVisible = 0;
			defaultConfigurationName = Release;
		};
		668247C62B113B8F0068FD06 /* Build configuration list for PBXNativeTarget "MPKTrackerTests" */ = {
			isa = XCConfigurationList;
			buildConfigurations = (
				668247C42B113B8F0068FD06 /* Debug */,
				668247C52B113B8F0068FD06 /* Release */,
			);
			defaultConfigurationIsVisible = 0;
			defaultConfigurationName = Release;
		};
/* End XCConfigurationList section */
	};
	rootObject = 660122042B0D09E5002CE385 /* Project object */;
}
